# Pinned official sources. Bump tag here when rebuilding a product release.
# Humans: prefer `cbeta fetch --release 2026R2` (cbeta-cli) over scripts/fetch.sh.
schema: cbeta-corpus.lock/v1
updated: 2026-09-10

cbeta_release: "2026R2"

sources:
  xml-p5:
    repo: https://github.com/cbeta-org/xml-p5.git
    tag: "2026R2"
    commit: dbdea41071e1e260ad84b72faefd4587333cf76d
    sparse: true
    required: true
  metadata:
    repo: https://github.com/DILA-edu/cbeta-metadata.git
    ref: af914b8d3ce6b7c929cbef5cef061e00bddda929
    commit: af914b8d3ce6b7c929cbef5cef061e00bddda929
    required: true
  gaiji:
    repo: https://github.com/cbeta-org/cbeta_gaiji.git
    ref: 30fb27a9fb7b8619d0f1c7a78c90c0a60108a067
    commit: 30fb27a9fb7b8619d0f1c7a78c90c0a60108a067
    required: true
  documentation:
    repo: https://github.com/DILA-edu/cbeta-documentation.git
    ref: master
    commit: null
    required: false
  bm_u8:
    repo: https://github.com/cbeta-org/BM_u8.git
    ref: master
    commit: null
    required: false
    note: "Optional faster parse path. XML P5 remains the source of truth."

license_policy:
  default: cc-by-nc-sa-4.0
  category_b_canons: [Y, TX, LC, YP]
  category_b_default: exclude

paths:
  cache_root: "${CBETA_CORPUS_ROOT:-$HOME/.cbeta/corpus}"
